// !$*UTF8*$!
{
	archiveVersion = 1;
	classes = {
	};
	objectVersion = 46;
	objects = {

/* Begin PBXBuildFile section */
		3F0CA4371CF44030002A048E /* Main.storyboard in Resources */ = {isa = PBXBuildFile; fileRef = 3F0CA4351CF44030002A048E /* Main.storyboard */; };
		3F0CA4391CF44030002A048E /* Assets.xcassets in Resources */ = {isa = PBXBuildFile; fileRef = 3F0CA4381CF44030002A048E /* Assets.xcassets */; };
		3F0CA43C1CF44030002A048E /* LaunchScreen.storyboard in Resources */ = {isa = PBXBuildFile; fileRef = 3F0CA43A1CF44030002A048E /* LaunchScreen.storyboard */; };
		3F0CA4471CF44030002A048E /* InsuranceAppTests.swift in Sources */ = {isa = PBXBuildFile; fileRef = 3F0CA4461CF44030002A048E /* InsuranceAppTests.swift */; };
		3F0CA4521CF44030002A048E /* InsuranceAppUITests.swift in Sources */ = {isa = PBXBuildFile; fileRef = 3F0CA4511CF44030002A048E /* InsuranceAppUITests.swift */; };
		3F0CA46C1CF440C9002A048E /* IAAppDelegate.swift in Sources */ = {isa = PBXBuildFile; fileRef = 3F0CA4661CF440C9002A048E /* IAAppDelegate.swift */; };
		3F0CA46D1CF440C9002A048E /* IABaseController.swift in Sources */ = {isa = PBXBuildFile; fileRef = 3F0CA4671CF440C9002A048E /* IABaseController.swift */; };
		3F0CA46E1CF440C9002A048E /* IADashboardController.swift in Sources */ = {isa = PBXBuildFile; fileRef = 3F0CA4691CF440C9002A048E /* IADashboardController.swift */; };
		3F0CA46F1CF440C9002A048E /* IALoginController.swift in Sources */ = {isa = PBXBuildFile; fileRef = 3F0CA46B1CF440C9002A048E /* IALoginController.swift */; };
		3F2A0D9A1CF8762300EEACC2 /* IAAutoInsuranceDetailsController.swift in Sources */ = {isa = PBXBuildFile; fileRef = 3F2A0D991CF8762300EEACC2 /* IAAutoInsuranceDetailsController.swift */; };
		3F33866A1D018C3600BF7915 /* IADropdownListController.swift in Sources */ = {isa = PBXBuildFile; fileRef = 3F3386691D018C3600BF7915 /* IADropdownListController.swift */; };
		3F3F0DBF1D003CD700A851FB /* IAAddDriverController.swift in Sources */ = {isa = PBXBuildFile; fileRef = 3F3F0DBC1D003CD700A851FB /* IAAddDriverController.swift */; };
		3F3F0DC01D003CD700A851FB /* IADriverDetailsController.swift in Sources */ = {isa = PBXBuildFile; fileRef = 3F3F0DBD1D003CD700A851FB /* IADriverDetailsController.swift */; };
		3F3F0DC11D003CD700A851FB /* IADriverListCell.swift in Sources */ = {isa = PBXBuildFile; fileRef = 3F3F0DBE1D003CD700A851FB /* IADriverListCell.swift */; };
		3F3F0DC61D003CDC00A851FB /* IAAddVehicleController.swift in Sources */ = {isa = PBXBuildFile; fileRef = 3F3F0DC31D003CDC00A851FB /* IAAddVehicleController.swift */; };
		3F3F0DC71D003CDC00A851FB /* IAVehicleDetailsController.swift in Sources */ = {isa = PBXBuildFile; fileRef = 3F3F0DC41D003CDC00A851FB /* IAVehicleDetailsController.swift */; };
		3F3F0DC81D003CDC00A851FB /* IAVehicleListCell.swift in Sources */ = {isa = PBXBuildFile; fileRef = 3F3F0DC51D003CDC00A851FB /* IAVehicleListCell.swift */; };
		3F4999C11D0806EC007D8A73 /* IAClaimDetailsController.swift in Sources */ = {isa = PBXBuildFile; fileRef = 3F4999C01D0806EC007D8A73 /* IAClaimDetailsController.swift */; };
		3F4D20C41CF71CE30024EAE7 /* IAVehicle.swift in Sources */ = {isa = PBXBuildFile; fileRef = 3F4D20C31CF71CE30024EAE7 /* IAVehicle.swift */; };
		3F4D24291D016CA10033E924 /* IATextField.swift in Sources */ = {isa = PBXBuildFile; fileRef = 3F4D24281D016CA10033E924 /* IATextField.swift */; };
		3F4EED5A1D07053D0085E3C4 /* IAPolicyDetailsController.swift in Sources */ = {isa = PBXBuildFile; fileRef = 3F4EED591D07053D0085E3C4 /* IAPolicyDetailsController.swift */; };
		3F4EED5C1D07096B0085E3C4 /* PolicyGeneral.pdf in Resources */ = {isa = PBXBuildFile; fileRef = 3F4EED5B1D07096B0085E3C4 /* PolicyGeneral.pdf */; };
		3F5FB78A1CFDDF2F00C27D7F /* IAHomeController.swift in Sources */ = {isa = PBXBuildFile; fileRef = 3F5FB7891CFDDF2E00C27D7F /* IAHomeController.swift */; };
		3F63F1081CFEF55000623420 /* IAAccountController.swift in Sources */ = {isa = PBXBuildFile; fileRef = 3F63F1011CFEF55000623420 /* IAAccountController.swift */; };
		3F63F1091CFEF55000623420 /* IAClaimsController.swift in Sources */ = {isa = PBXBuildFile; fileRef = 3F63F1031CFEF55000623420 /* IAClaimsController.swift */; };
		3F63F10A1CFEF55000623420 /* IANotificationsController.swift in Sources */ = {isa = PBXBuildFile; fileRef = 3F63F1051CFEF55000623420 /* IANotificationsController.swift */; };
		3F63F10B1CFEF55000623420 /* IAPoliciesController.swift in Sources */ = {isa = PBXBuildFile; fileRef = 3F63F1071CFEF55000623420 /* IAPoliciesController.swift */; };
		3F63F1101CFEF5B500623420 /* IAFileClaimController.swift in Sources */ = {isa = PBXBuildFile; fileRef = 3F63F10F1CFEF5B500623420 /* IAFileClaimController.swift */; };
		3F820C611CF4522000729AE6 /* IAConstants.swift in Sources */ = {isa = PBXBuildFile; fileRef = 3F820C601CF4522000729AE6 /* IAConstants.swift */; };
		3F820C631CF4526D00729AE6 /* IADataManager.swift in Sources */ = {isa = PBXBuildFile; fileRef = 3F820C621CF4526D00729AE6 /* IADataManager.swift */; };
		3F820C691CF4555800729AE6 /* IACustomer.swift in Sources */ = {isa = PBXBuildFile; fileRef = 3F820C681CF4555800729AE6 /* IACustomer.swift */; };
		3F9948981CFC6B1100A880A8 /* IADashboard.swift in Sources */ = {isa = PBXBuildFile; fileRef = 3F9948971CFC6B1100A880A8 /* IADashboard.swift */; };
		3F9948B31CFC782100A880A8 /* LTCharacterLimbo.swift in Sources */ = {isa = PBXBuildFile; fileRef = 3F9948A01CFC782100A880A8 /* LTCharacterLimbo.swift */; };
		3F9948B41CFC782100A880A8 /* LTEasing.swift in Sources */ = {isa = PBXBuildFile; fileRef = 3F9948A11CFC782100A880A8 /* LTEasing.swift */; };
		3F9948B51CFC782100A880A8 /* LTEmitterView.swift in Sources */ = {isa = PBXBuildFile; fileRef = 3F9948A21CFC782100A880A8 /* LTEmitterView.swift */; };
		3F9948B61CFC782100A880A8 /* LTMorphingEffect.swift in Sources */ = {isa = PBXBuildFile; fileRef = 3F9948A31CFC782100A880A8 /* LTMorphingEffect.swift */; };
		3F9948B71CFC782100A880A8 /* LTMorphingLabel+Anvil.swift in Sources */ = {isa = PBXBuildFile; fileRef = 3F9948A41CFC782100A880A8 /* LTMorphingLabel+Anvil.swift */; };
		3F9948B81CFC782100A880A8 /* LTMorphingLabel+Burn.swift in Sources */ = {isa = PBXBuildFile; fileRef = 3F9948A51CFC782100A880A8 /* LTMorphingLabel+Burn.swift */; };
		3F9948B91CFC782100A880A8 /* LTMorphingLabel+Evaporate.swift in Sources */ = {isa = PBXBuildFile; fileRef = 3F9948A61CFC782100A880A8 /* LTMorphingLabel+Evaporate.swift */; };
		3F9948BA1CFC782100A880A8 /* LTMorphingLabel+Fall.swift in Sources */ = {isa = PBXBuildFile; fileRef = 3F9948A71CFC782100A880A8 /* LTMorphingLabel+Fall.swift */; };
		3F9948BB1CFC782100A880A8 /* LTMorphingLabel+Pixelate.swift in Sources */ = {isa = PBXBuildFile; fileRef = 3F9948A81CFC782100A880A8 /* LTMorphingLabel+Pixelate.swift */; };
		3F9948BC1CFC782100A880A8 /* LTMorphingLabel+Sparkle.swift in Sources */ = {isa = PBXBuildFile; fileRef = 3F9948A91CFC782100A880A8 /* LTMorphingLabel+Sparkle.swift */; };
		3F9948BD1CFC782100A880A8 /* LTMorphingLabel.swift in Sources */ = {isa = PBXBuildFile; fileRef = 3F9948AB1CFC782100A880A8 /* LTMorphingLabel.swift */; };
		3F9948BE1CFC782100A880A8 /* NSString+LTMorphingLabel.swift in Sources */ = {isa = PBXBuildFile; fileRef = 3F9948AC1CFC782100A880A8 /* NSString+LTMorphingLabel.swift */; };
		3F9948BF1CFC782100A880A8 /* Fire.png in Resources */ = {isa = PBXBuildFile; fileRef = 3F9948AE1CFC782100A880A8 /* Fire.png */; };
		3F9948C01CFC782100A880A8 /* Fragment.png in Resources */ = {isa = PBXBuildFile; fileRef = 3F9948AF1CFC782100A880A8 /* Fragment.png */; };
		3F9948C11CFC782100A880A8 /* Smoke.png in Resources */ = {isa = PBXBuildFile; fileRef = 3F9948B01CFC782100A880A8 /* Smoke.png */; };
		3F9948C21CFC782100A880A8 /* Sparkle.png in Resources */ = {isa = PBXBuildFile; fileRef = 3F9948B11CFC782100A880A8 /* Sparkle.png */; };
		3FAFB5501D006BA70083D38E /* IATrafficViolation.swift in Sources */ = {isa = PBXBuildFile; fileRef = 3FAFB54F1D006BA70083D38E /* IATrafficViolation.swift */; };
		3FAFB5521D006DC00083D38E /* IATrafficViolationTableCellView.swift in Sources */ = {isa = PBXBuildFile; fileRef = 3FAFB5511D006DC00083D38E /* IATrafficViolationTableCellView.swift */; };
		3FB6BED21D081D36005D6811 /* IAClaimListTableCellView.swift in Sources */ = {isa = PBXBuildFile; fileRef = 3FB6BED11D081D36005D6811 /* IAClaimListTableCellView.swift */; };
		3FC515681D07F55E00C4529F /* IAClaim.swift in Sources */ = {isa = PBXBuildFile; fileRef = 3FC515671D07F55E00C4529F /* IAClaim.swift */; };
		3FCEB54E1D084D800022EAA1 /* IARoadsideAssistanceController.swift in Sources */ = {isa = PBXBuildFile; fileRef = 3FCEB54D1D084D800022EAA1 /* IARoadsideAssistanceController.swift */; };
		3FCEB5501D084DB10022EAA1 /* IAMetWithAccidentController.swift in Sources */ = {isa = PBXBuildFile; fileRef = 3FCEB54F1D084DB10022EAA1 /* IAMetWithAccidentController.swift */; };
		3FCEB5521D084DCD0022EAA1 /* IAInsuranceIDCardController.swift in Sources */ = {isa = PBXBuildFile; fileRef = 3FCEB5511D084DCD0022EAA1 /* IAInsuranceIDCardController.swift */; };
		3FD8E2211D099394005AE78C /* IAPayPremiumController.swift in Sources */ = {isa = PBXBuildFile; fileRef = 3FD8E2201D099394005AE78C /* IAPayPremiumController.swift */; };
		3FD8E2231D09A0EB005AE78C /* IAPayPremiumTableCellView.swift in Sources */ = {isa = PBXBuildFile; fileRef = 3FD8E2221D09A0EB005AE78C /* IAPayPremiumTableCellView.swift */; };
		3FD8E2251D09A1E7005AE78C /* IAPremium.swift in Sources */ = {isa = PBXBuildFile; fileRef = 3FD8E2241D09A1E7005AE78C /* IAPremium.swift */; };
		3FE1D2AF1CFC58C3007FA513 /* InsuranceTypeContainerView.swift in Sources */ = {isa = PBXBuildFile; fileRef = 3FE1D2AE1CFC58C3007FA513 /* InsuranceTypeContainerView.swift */; };
		3FE1FA8D1CFC81E6008EA53F /* IALabel.swift in Sources */ = {isa = PBXBuildFile; fileRef = 3FE1FA8C1CFC81E6008EA53F /* IALabel.swift */; };
		3FE1FA8F1CFC8750008EA53F /* IANavigationBar.swift in Sources */ = {isa = PBXBuildFile; fileRef = 3FE1FA8E1CFC8750008EA53F /* IANavigationBar.swift */; };
		3FE654FB1D06EA61001CAF46 /* IAPolicyListTableCellView.swift in Sources */ = {isa = PBXBuildFile; fileRef = 3FE654FA1D06EA61001CAF46 /* IAPolicyListTableCellView.swift */; };
		3FE654FD1D06F02A001CAF46 /* IAPolicy.swift in Sources */ = {isa = PBXBuildFile; fileRef = 3FE654FC1D06F02A001CAF46 /* IAPolicy.swift */; };
		3FEF461B1D09423E00A33FE6 /* InsuranceIDCard.pdf in Resources */ = {isa = PBXBuildFile; fileRef = 3FEF461A1D09423E00A33FE6 /* InsuranceIDCard.pdf */; };
		3FF030B41CFD991A00BADE31 /* Ubuntu-300-italic.ttf in Resources */ = {isa = PBXBuildFile; fileRef = 3FF030AD1CFD991A00BADE31 /* Ubuntu-300-italic.ttf */; };
		3FF030B51CFD991A00BADE31 /* Ubuntu-300.ttf in Resources */ = {isa = PBXBuildFile; fileRef = 3FF030AE1CFD991A00BADE31 /* Ubuntu-300.ttf */; };
		3FF030B61CFD991A00BADE31 /* Ubuntu-500-italic.ttf in Resources */ = {isa = PBXBuildFile; fileRef = 3FF030AF1CFD991A00BADE31 /* Ubuntu-500-italic.ttf */; };
		3FF030B71CFD991A00BADE31 /* Ubuntu-500.ttf in Resources */ = {isa = PBXBuildFile; fileRef = 3FF030B01CFD991A00BADE31 /* Ubuntu-500.ttf */; };
		3FF030B81CFD991A00BADE31 /* Ubuntu-700.ttf in Resources */ = {isa = PBXBuildFile; fileRef = 3FF030B11CFD991A00BADE31 /* Ubuntu-700.ttf */; };
		3FF030B91CFD991A00BADE31 /* Ubuntu-italic.ttf in Resources */ = {isa = PBXBuildFile; fileRef = 3FF030B21CFD991A00BADE31 /* Ubuntu-italic.ttf */; };
		3FF030BA1CFD991A00BADE31 /* Ubuntu-regular.ttf in Resources */ = {isa = PBXBuildFile; fileRef = 3FF030B31CFD991A00BADE31 /* Ubuntu-regular.ttf */; };
		3FF2D9D61D09B6E5001535E9 /* IAUtils.swift in Sources */ = {isa = PBXBuildFile; fileRef = 3FF2D9D51D09B6E5001535E9 /* IAUtils.swift */; };
		3FFF0B851CF4A04300920ECA /* libsqlite3.tbd in Frameworks */ = {isa = PBXBuildFile; fileRef = 3FFF0B841CF4A04300920ECA /* libsqlite3.tbd */; };
		3FFF0B881CF4A22D00920ECA /* AppDatabase.sqlite in Resources */ = {isa = PBXBuildFile; fileRef = 3FFF0B871CF4A22D00920ECA /* AppDatabase.sqlite */; };
		7D2D2CA21D096FFE0083D901 /* IAScoreMyDriveController.swift in Sources */ = {isa = PBXBuildFile; fileRef = 7D2D2CA11D096FFE0083D901 /* IAScoreMyDriveController.swift */; };
		7D2D2CA41D09702A0083D901 /* IARegisterSafetyDeviceController.swift in Sources */ = {isa = PBXBuildFile; fileRef = 7D2D2CA31D09702A0083D901 /* IARegisterSafetyDeviceController.swift */; };
		7D47A1351CF710E9007E1867 /* IADriver.swift in Sources */ = {isa = PBXBuildFile; fileRef = 7D47A1341CF710E9007E1867 /* IADriver.swift */; };
/* End PBXBuildFile section */

/* Begin PBXContainerItemProxy section */
		3F0CA4431CF44030002A048E /* PBXContainerItemProxy */ = {
			isa = PBXContainerItemProxy;
			containerPortal = 3F0CA4261CF4402F002A048E /* Project object */;
			proxyType = 1;
			remoteGlobalIDString = 3F0CA42D1CF4402F002A048E;
			remoteInfo = InsuranceApp;
		};
		3F0CA44E1CF44030002A048E /* PBXContainerItemProxy */ = {
			isa = PBXContainerItemProxy;
			containerPortal = 3F0CA4261CF4402F002A048E /* Project object */;
			proxyType = 1;
			remoteGlobalIDString = 3F0CA42D1CF4402F002A048E;
			remoteInfo = InsuranceApp;
		};
/* End PBXContainerItemProxy section */

/* Begin PBXFileReference section */
		3F0CA42E1CF4402F002A048E /* InsuranceApp.app */ = {isa = PBXFileReference; explicitFileType = wrapper.application; includeInIndex = 0; path = InsuranceApp.app; sourceTree = BUILT_PRODUCTS_DIR; };
		3F0CA4361CF44030002A048E /* Base */ = {isa = PBXFileReference; lastKnownFileType = file.storyboard; name = Base; path = Base.lproj/Main.storyboard; sourceTree = "<group>"; };
		3F0CA4381CF44030002A048E /* Assets.xcassets */ = {isa = PBXFileReference; lastKnownFileType = folder.assetcatalog; path = Assets.xcassets; sourceTree = "<group>"; };
		3F0CA43B1CF44030002A048E /* Base */ = {isa = PBXFileReference; lastKnownFileType = file.storyboard; name = Base; path = Base.lproj/LaunchScreen.storyboard; sourceTree = "<group>"; };
		3F0CA43D1CF44030002A048E /* Info.plist */ = {isa = PBXFileReference; lastKnownFileType = text.plist.xml; path = Info.plist; sourceTree = "<group>"; };
		3F0CA4421CF44030002A048E /* InsuranceAppTests.xctest */ = {isa = PBXFileReference; explicitFileType = wrapper.cfbundle; includeInIndex = 0; path = InsuranceAppTests.xctest; sourceTree = BUILT_PRODUCTS_DIR; };
		3F0CA4461CF44030002A048E /* InsuranceAppTests.swift */ = {isa = PBXFileReference; lastKnownFileType = sourcecode.swift; path = InsuranceAppTests.swift; sourceTree = "<group>"; };
		3F0CA4481CF44030002A048E /* Info.plist */ = {isa = PBXFileReference; lastKnownFileType = text.plist.xml; path = Info.plist; sourceTree = "<group>"; };
		3F0CA44D1CF44030002A048E /* InsuranceAppUITests.xctest */ = {isa = PBXFileReference; explicitFileType = wrapper.cfbundle; includeInIndex = 0; path = InsuranceAppUITests.xctest; sourceTree = BUILT_PRODUCTS_DIR; };
		3F0CA4511CF44030002A048E /* InsuranceAppUITests.swift */ = {isa = PBXFileReference; lastKnownFileType = sourcecode.swift; path = InsuranceAppUITests.swift; sourceTree = "<group>"; };
		3F0CA4531CF44030002A048E /* Info.plist */ = {isa = PBXFileReference; lastKnownFileType = text.plist.xml; path = Info.plist; sourceTree = "<group>"; };
		3F0CA4661CF440C9002A048E /* IAAppDelegate.swift */ = {isa = PBXFileReference; fileEncoding = 4; lastKnownFileType = sourcecode.swift; path = IAAppDelegate.swift; sourceTree = "<group>"; };
		3F0CA4671CF440C9002A048E /* IABaseController.swift */ = {isa = PBXFileReference; fileEncoding = 4; lastKnownFileType = sourcecode.swift; path = IABaseController.swift; sourceTree = "<group>"; };
		3F0CA4691CF440C9002A048E /* IADashboardController.swift */ = {isa = PBXFileReference; fileEncoding = 4; lastKnownFileType = sourcecode.swift; path = IADashboardController.swift; sourceTree = "<group>"; };
		3F0CA46B1CF440C9002A048E /* IALoginController.swift */ = {isa = PBXFileReference; fileEncoding = 4; lastKnownFileType = sourcecode.swift; path = IALoginController.swift; sourceTree = "<group>"; };
		3F2A0D991CF8762300EEACC2 /* IAAutoInsuranceDetailsController.swift */ = {isa = PBXFileReference; fileEncoding = 4; lastKnownFileType = sourcecode.swift; path = IAAutoInsuranceDetailsController.swift; sourceTree = "<group>"; };
		3F3386691D018C3600BF7915 /* IADropdownListController.swift */ = {isa = PBXFileReference; fileEncoding = 4; lastKnownFileType = sourcecode.swift; path = IADropdownListController.swift; sourceTree = "<group>"; };
		3F3F0DBC1D003CD700A851FB /* IAAddDriverController.swift */ = {isa = PBXFileReference; fileEncoding = 4; lastKnownFileType = sourcecode.swift; path = IAAddDriverController.swift; sourceTree = "<group>"; };
		3F3F0DBD1D003CD700A851FB /* IADriverDetailsController.swift */ = {isa = PBXFileReference; fileEncoding = 4; lastKnownFileType = sourcecode.swift; path = IADriverDetailsController.swift; sourceTree = "<group>"; };
		3F3F0DBE1D003CD700A851FB /* IADriverListCell.swift */ = {isa = PBXFileReference; fileEncoding = 4; lastKnownFileType = sourcecode.swift; path = IADriverListCell.swift; sourceTree = "<group>"; };
		3F3F0DC31D003CDC00A851FB /* IAAddVehicleController.swift */ = {isa = PBXFileReference; fileEncoding = 4; lastKnownFileType = sourcecode.swift; path = IAAddVehicleController.swift; sourceTree = "<group>"; };
		3F3F0DC41D003CDC00A851FB /* IAVehicleDetailsController.swift */ = {isa = PBXFileReference; fileEncoding = 4; lastKnownFileType = sourcecode.swift; path = IAVehicleDetailsController.swift; sourceTree = "<group>"; };
		3F3F0DC51D003CDC00A851FB /* IAVehicleListCell.swift */ = {isa = PBXFileReference; fileEncoding = 4; lastKnownFileType = sourcecode.swift; path = IAVehicleListCell.swift; sourceTree = "<group>"; };
		3F4999C01D0806EC007D8A73 /* IAClaimDetailsController.swift */ = {isa = PBXFileReference; fileEncoding = 4; lastKnownFileType = sourcecode.swift; path = IAClaimDetailsController.swift; sourceTree = "<group>"; };
		3F4D20C31CF71CE30024EAE7 /* IAVehicle.swift */ = {isa = PBXFileReference; fileEncoding = 4; lastKnownFileType = sourcecode.swift; path = IAVehicle.swift; sourceTree = "<group>"; };
		3F4D24281D016CA10033E924 /* IATextField.swift */ = {isa = PBXFileReference; fileEncoding = 4; lastKnownFileType = sourcecode.swift; path = IATextField.swift; sourceTree = "<group>"; };
		3F4EED591D07053D0085E3C4 /* IAPolicyDetailsController.swift */ = {isa = PBXFileReference; fileEncoding = 4; lastKnownFileType = sourcecode.swift; path = IAPolicyDetailsController.swift; sourceTree = "<group>"; };
		3F4EED5B1D07096B0085E3C4 /* PolicyGeneral.pdf */ = {isa = PBXFileReference; lastKnownFileType = image.pdf; path = PolicyGeneral.pdf; sourceTree = "<group>"; };
		3F5FB7891CFDDF2E00C27D7F /* IAHomeController.swift */ = {isa = PBXFileReference; fileEncoding = 4; lastKnownFileType = sourcecode.swift; path = IAHomeController.swift; sourceTree = "<group>"; };
		3F63F1011CFEF55000623420 /* IAAccountController.swift */ = {isa = PBXFileReference; fileEncoding = 4; lastKnownFileType = sourcecode.swift; path = IAAccountController.swift; sourceTree = "<group>"; };
		3F63F1031CFEF55000623420 /* IAClaimsController.swift */ = {isa = PBXFileReference; fileEncoding = 4; lastKnownFileType = sourcecode.swift; path = IAClaimsController.swift; sourceTree = "<group>"; };
		3F63F1051CFEF55000623420 /* IANotificationsController.swift */ = {isa = PBXFileReference; fileEncoding = 4; lastKnownFileType = sourcecode.swift; path = IANotificationsController.swift; sourceTree = "<group>"; };
		3F63F1071CFEF55000623420 /* IAPoliciesController.swift */ = {isa = PBXFileReference; fileEncoding = 4; lastKnownFileType = sourcecode.swift; path = IAPoliciesController.swift; sourceTree = "<group>"; };
		3F63F10F1CFEF5B500623420 /* IAFileClaimController.swift */ = {isa = PBXFileReference; fileEncoding = 4; lastKnownFileType = sourcecode.swift; path = IAFileClaimController.swift; sourceTree = "<group>"; };
		3F820C601CF4522000729AE6 /* IAConstants.swift */ = {isa = PBXFileReference; fileEncoding = 4; lastKnownFileType = sourcecode.swift; path = IAConstants.swift; sourceTree = "<group>"; };
		3F820C621CF4526D00729AE6 /* IADataManager.swift */ = {isa = PBXFileReference; fileEncoding = 4; lastKnownFileType = sourcecode.swift; path = IADataManager.swift; sourceTree = "<group>"; };
		3F820C681CF4555800729AE6 /* IACustomer.swift */ = {isa = PBXFileReference; fileEncoding = 4; lastKnownFileType = sourcecode.swift; path = IACustomer.swift; sourceTree = "<group>"; };
		3F9948971CFC6B1100A880A8 /* IADashboard.swift */ = {isa = PBXFileReference; fileEncoding = 4; lastKnownFileType = sourcecode.swift; path = IADashboard.swift; sourceTree = "<group>"; };
		3F9948A01CFC782100A880A8 /* LTCharacterLimbo.swift */ = {isa = PBXFileReference; fileEncoding = 4; lastKnownFileType = sourcecode.swift; path = LTCharacterLimbo.swift; sourceTree = "<group>"; };
		3F9948A11CFC782100A880A8 /* LTEasing.swift */ = {isa = PBXFileReference; fileEncoding = 4; lastKnownFileType = sourcecode.swift; path = LTEasing.swift; sourceTree = "<group>"; };
		3F9948A21CFC782100A880A8 /* LTEmitterView.swift */ = {isa = PBXFileReference; fileEncoding = 4; lastKnownFileType = sourcecode.swift; path = LTEmitterView.swift; sourceTree = "<group>"; };
		3F9948A31CFC782100A880A8 /* LTMorphingEffect.swift */ = {isa = PBXFileReference; fileEncoding = 4; lastKnownFileType = sourcecode.swift; path = LTMorphingEffect.swift; sourceTree = "<group>"; };
		3F9948A41CFC782100A880A8 /* LTMorphingLabel+Anvil.swift */ = {isa = PBXFileReference; fileEncoding = 4; lastKnownFileType = sourcecode.swift; path = "LTMorphingLabel+Anvil.swift"; sourceTree = "<group>"; };
		3F9948A51CFC782100A880A8 /* LTMorphingLabel+Burn.swift */ = {isa = PBXFileReference; fileEncoding = 4; lastKnownFileType = sourcecode.swift; path = "LTMorphingLabel+Burn.swift"; sourceTree = "<group>"; };
		3F9948A61CFC782100A880A8 /* LTMorphingLabel+Evaporate.swift */ = {isa = PBXFileReference; fileEncoding = 4; lastKnownFileType = sourcecode.swift; path = "LTMorphingLabel+Evaporate.swift"; sourceTree = "<group>"; };
		3F9948A71CFC782100A880A8 /* LTMorphingLabel+Fall.swift */ = {isa = PBXFileReference; fileEncoding = 4; lastKnownFileType = sourcecode.swift; path = "LTMorphingLabel+Fall.swift"; sourceTree = "<group>"; };
		3F9948A81CFC782100A880A8 /* LTMorphingLabel+Pixelate.swift */ = {isa = PBXFileReference; fileEncoding = 4; lastKnownFileType = sourcecode.swift; path = "LTMorphingLabel+Pixelate.swift"; sourceTree = "<group>"; };
		3F9948A91CFC782100A880A8 /* LTMorphingLabel+Sparkle.swift */ = {isa = PBXFileReference; fileEncoding = 4; lastKnownFileType = sourcecode.swift; path = "LTMorphingLabel+Sparkle.swift"; sourceTree = "<group>"; };
		3F9948AA1CFC782100A880A8 /* LTMorphingLabel.h */ = {isa = PBXFileReference; fileEncoding = 4; lastKnownFileType = sourcecode.c.h; path = LTMorphingLabel.h; sourceTree = "<group>"; };
		3F9948AB1CFC782100A880A8 /* LTMorphingLabel.swift */ = {isa = PBXFileReference; fileEncoding = 4; lastKnownFileType = sourcecode.swift; path = LTMorphingLabel.swift; sourceTree = "<group>"; };
		3F9948AC1CFC782100A880A8 /* NSString+LTMorphingLabel.swift */ = {isa = PBXFileReference; fileEncoding = 4; lastKnownFileType = sourcecode.swift; path = "NSString+LTMorphingLabel.swift"; sourceTree = "<group>"; };
		3F9948AE1CFC782100A880A8 /* Fire.png */ = {isa = PBXFileReference; lastKnownFileType = image.png; path = Fire.png; sourceTree = "<group>"; };
		3F9948AF1CFC782100A880A8 /* Fragment.png */ = {isa = PBXFileReference; lastKnownFileType = image.png; path = Fragment.png; sourceTree = "<group>"; };
		3F9948B01CFC782100A880A8 /* Smoke.png */ = {isa = PBXFileReference; lastKnownFileType = image.png; path = Smoke.png; sourceTree = "<group>"; };
		3F9948B11CFC782100A880A8 /* Sparkle.png */ = {isa = PBXFileReference; lastKnownFileType = image.png; path = Sparkle.png; sourceTree = "<group>"; };
		3FAFB54F1D006BA70083D38E /* IATrafficViolation.swift */ = {isa = PBXFileReference; fileEncoding = 4; lastKnownFileType = sourcecode.swift; path = IATrafficViolation.swift; sourceTree = "<group>"; };
		3FAFB5511D006DC00083D38E /* IATrafficViolationTableCellView.swift */ = {isa = PBXFileReference; fileEncoding = 4; lastKnownFileType = sourcecode.swift; path = IATrafficViolationTableCellView.swift; sourceTree = "<group>"; };
		3FB6BED11D081D36005D6811 /* IAClaimListTableCellView.swift */ = {isa = PBXFileReference; fileEncoding = 4; lastKnownFileType = sourcecode.swift; path = IAClaimListTableCellView.swift; sourceTree = "<group>"; };
		3FC515671D07F55E00C4529F /* IAClaim.swift */ = {isa = PBXFileReference; fileEncoding = 4; lastKnownFileType = sourcecode.swift; path = IAClaim.swift; sourceTree = "<group>"; };
		3FCEB54D1D084D800022EAA1 /* IARoadsideAssistanceController.swift */ = {isa = PBXFileReference; fileEncoding = 4; lastKnownFileType = sourcecode.swift; path = IARoadsideAssistanceController.swift; sourceTree = "<group>"; };
		3FCEB54F1D084DB10022EAA1 /* IAMetWithAccidentController.swift */ = {isa = PBXFileReference; fileEncoding = 4; lastKnownFileType = sourcecode.swift; path = IAMetWithAccidentController.swift; sourceTree = "<group>"; };
		3FCEB5511D084DCD0022EAA1 /* IAInsuranceIDCardController.swift */ = {isa = PBXFileReference; fileEncoding = 4; lastKnownFileType = sourcecode.swift; path = IAInsuranceIDCardController.swift; sourceTree = "<group>"; };
		3FD8E2201D099394005AE78C /* IAPayPremiumController.swift */ = {isa = PBXFileReference; fileEncoding = 4; lastKnownFileType = sourcecode.swift; path = IAPayPremiumController.swift; sourceTree = "<group>"; };
		3FD8E2221D09A0EB005AE78C /* IAPayPremiumTableCellView.swift */ = {isa = PBXFileReference; fileEncoding = 4; lastKnownFileType = sourcecode.swift; path = IAPayPremiumTableCellView.swift; sourceTree = "<group>"; };
		3FD8E2241D09A1E7005AE78C /* IAPremium.swift */ = {isa = PBXFileReference; fileEncoding = 4; lastKnownFileType = sourcecode.swift; path = IAPremium.swift; sourceTree = "<group>"; };
		3FE1D2AE1CFC58C3007FA513 /* InsuranceTypeContainerView.swift */ = {isa = PBXFileReference; fileEncoding = 4; lastKnownFileType = sourcecode.swift; path = InsuranceTypeContainerView.swift; sourceTree = "<group>"; };
		3FE1FA8C1CFC81E6008EA53F /* IALabel.swift */ = {isa = PBXFileReference; fileEncoding = 4; lastKnownFileType = sourcecode.swift; path = IALabel.swift; sourceTree = "<group>"; };
		3FE1FA8E1CFC8750008EA53F /* IANavigationBar.swift */ = {isa = PBXFileReference; fileEncoding = 4; lastKnownFileType = sourcecode.swift; path = IANavigationBar.swift; sourceTree = "<group>"; };
		3FE654FA1D06EA61001CAF46 /* IAPolicyListTableCellView.swift */ = {isa = PBXFileReference; fileEncoding = 4; lastKnownFileType = sourcecode.swift; path = IAPolicyListTableCellView.swift; sourceTree = "<group>"; };
		3FE654FC1D06F02A001CAF46 /* IAPolicy.swift */ = {isa = PBXFileReference; fileEncoding = 4; lastKnownFileType = sourcecode.swift; path = IAPolicy.swift; sourceTree = "<group>"; };
		3FEF461A1D09423E00A33FE6 /* InsuranceIDCard.pdf */ = {isa = PBXFileReference; lastKnownFileType = image.pdf; path = InsuranceIDCard.pdf; sourceTree = "<group>"; };
		3FF030AD1CFD991A00BADE31 /* Ubuntu-300-italic.ttf */ = {isa = PBXFileReference; lastKnownFileType = file; path = "Ubuntu-300-italic.ttf"; sourceTree = "<group>"; };
		3FF030AE1CFD991A00BADE31 /* Ubuntu-300.ttf */ = {isa = PBXFileReference; lastKnownFileType = file; path = "Ubuntu-300.ttf"; sourceTree = "<group>"; };
		3FF030AF1CFD991A00BADE31 /* Ubuntu-500-italic.ttf */ = {isa = PBXFileReference; lastKnownFileType = file; path = "Ubuntu-500-italic.ttf"; sourceTree = "<group>"; };
		3FF030B01CFD991A00BADE31 /* Ubuntu-500.ttf */ = {isa = PBXFileReference; lastKnownFileType = file; path = "Ubuntu-500.ttf"; sourceTree = "<group>"; };
		3FF030B11CFD991A00BADE31 /* Ubuntu-700.ttf */ = {isa = PBXFileReference; lastKnownFileType = file; path = "Ubuntu-700.ttf"; sourceTree = "<group>"; };
		3FF030B21CFD991A00BADE31 /* Ubuntu-italic.ttf */ = {isa = PBXFileReference; lastKnownFileType = file; path = "Ubuntu-italic.ttf"; sourceTree = "<group>"; };
		3FF030B31CFD991A00BADE31 /* Ubuntu-regular.ttf */ = {isa = PBXFileReference; lastKnownFileType = file; path = "Ubuntu-regular.ttf"; sourceTree = "<group>"; };
		3FF2D9D51D09B6E5001535E9 /* IAUtils.swift */ = {isa = PBXFileReference; fileEncoding = 4; lastKnownFileType = sourcecode.swift; path = IAUtils.swift; sourceTree = "<group>"; };
		3FFF0B841CF4A04300920ECA /* libsqlite3.tbd */ = {isa = PBXFileReference; lastKnownFileType = "sourcecode.text-based-dylib-definition"; name = libsqlite3.tbd; path = usr/lib/libsqlite3.tbd; sourceTree = SDKROOT; };
		3FFF0B861CF4A0BF00920ECA /* BridgingHeader.h */ = {isa = PBXFileReference; lastKnownFileType = sourcecode.c.h; path = BridgingHeader.h; sourceTree = "<group>"; };
		3FFF0B871CF4A22D00920ECA /* AppDatabase.sqlite */ = {isa = PBXFileReference; lastKnownFileType = file; path = AppDatabase.sqlite; sourceTree = "<group>"; };
		7D2D2CA11D096FFE0083D901 /* IAScoreMyDriveController.swift */ = {isa = PBXFileReference; fileEncoding = 4; lastKnownFileType = sourcecode.swift; path = IAScoreMyDriveController.swift; sourceTree = "<group>"; };
		7D2D2CA31D09702A0083D901 /* IARegisterSafetyDeviceController.swift */ = {isa = PBXFileReference; fileEncoding = 4; lastKnownFileType = sourcecode.swift; path = IARegisterSafetyDeviceController.swift; sourceTree = "<group>"; };
		7D47A1341CF710E9007E1867 /* IADriver.swift */ = {isa = PBXFileReference; fileEncoding = 4; lastKnownFileType = sourcecode.swift; path = IADriver.swift; sourceTree = "<group>"; };
/* End PBXFileReference section */

/* Begin PBXFrameworksBuildPhase section */
		3F0CA42B1CF4402F002A048E /* Frameworks */ = {
			isa = PBXFrameworksBuildPhase;
			buildActionMask = 2147483647;
			files = (
				3FFF0B851CF4A04300920ECA /* libsqlite3.tbd in Frameworks */,
			);
			runOnlyForDeploymentPostprocessing = 0;
		};
		3F0CA43F1CF44030002A048E /* Frameworks */ = {
			isa = PBXFrameworksBuildPhase;
			buildActionMask = 2147483647;
			files = (
			);
			runOnlyForDeploymentPostprocessing = 0;
		};
		3F0CA44A1CF44030002A048E /* Frameworks */ = {
			isa = PBXFrameworksBuildPhase;
			buildActionMask = 2147483647;
			files = (
			);
			runOnlyForDeploymentPostprocessing = 0;
		};
/* End PBXFrameworksBuildPhase section */

/* Begin PBXGroup section */
		3F0CA4251CF4402F002A048E = {
			isa = PBXGroup;
			children = (
				3F0CA4301CF4402F002A048E /* InsuranceApp */,
				3F0CA4451CF44030002A048E /* InsuranceAppTests */,
				3F0CA4501CF44030002A048E /* InsuranceAppUITests */,
				3F0CA42F1CF4402F002A048E /* Products */,
			);
			sourceTree = "<group>";
		};
		3F0CA42F1CF4402F002A048E /* Products */ = {
			isa = PBXGroup;
			children = (
				3F0CA42E1CF4402F002A048E /* InsuranceApp.app */,
				3F0CA4421CF44030002A048E /* InsuranceAppTests.xctest */,
				3F0CA44D1CF44030002A048E /* InsuranceAppUITests.xctest */,
			);
			name = Products;
			sourceTree = "<group>";
		};
		3F0CA4301CF4402F002A048E /* InsuranceApp */ = {
			isa = PBXGroup;
			children = (
				3F52D1701CFD974F0084A968 /* Assets */,
				3F99489B1CFC77B200A880A8 /* ThirdParty */,
				3F820C5F1CF4522000729AE6 /* Assistants */,
				3F0CA4651CF440C9002A048E /* Base */,
				3F820C661CF4555800729AE6 /* Reusables */,
				3F0CA46A1CF440C9002A048E /* Login */,
				3F0CA4681CF440C9002A048E /* Dashboard */,
				3F64D2161CF7089F00DC682D /* AutoInsurance */,
				3F63F10E1CFEF5B500623420 /* FileClaim */,
				3F63F1061CFEF55000623420 /* Policies */,
				3F63F1021CFEF55000623420 /* Claims */,
				3F63F1001CFEF55000623420 /* Account */,
				3F63F1041CFEF55000623420 /* Notifications */,
				3F0CA4351CF44030002A048E /* Main.storyboard */,
				3F0CA4381CF44030002A048E /* Assets.xcassets */,
				3F0CA43A1CF44030002A048E /* LaunchScreen.storyboard */,
				3FFF0B841CF4A04300920ECA /* libsqlite3.tbd */,
				3F0CA43D1CF44030002A048E /* Info.plist */,
			);
			path = InsuranceApp;
			sourceTree = "<group>";
		};
		3F0CA4451CF44030002A048E /* InsuranceAppTests */ = {
			isa = PBXGroup;
			children = (
				3F0CA4461CF44030002A048E /* InsuranceAppTests.swift */,
				3F0CA4481CF44030002A048E /* Info.plist */,
			);
			path = InsuranceAppTests;
			sourceTree = "<group>";
		};
		3F0CA4501CF44030002A048E /* InsuranceAppUITests */ = {
			isa = PBXGroup;
			children = (
				3F0CA4511CF44030002A048E /* InsuranceAppUITests.swift */,
				3F0CA4531CF44030002A048E /* Info.plist */,
			);
			path = InsuranceAppUITests;
			sourceTree = "<group>";
		};
		3F0CA4651CF440C9002A048E /* Base */ = {
			isa = PBXGroup;
			children = (
				3F0CA4661CF440C9002A048E /* IAAppDelegate.swift */,
				3F0CA4671CF440C9002A048E /* IABaseController.swift */,
				3FE1FA8E1CFC8750008EA53F /* IANavigationBar.swift */,
			);
			path = Base;
			sourceTree = "<group>";
		};
		3F0CA4681CF440C9002A048E /* Dashboard */ = {
			isa = PBXGroup;
			children = (
				3FEF461A1D09423E00A33FE6 /* InsuranceIDCard.pdf */,
				3F5FB7891CFDDF2E00C27D7F /* IAHomeController.swift */,
				3F0CA4691CF440C9002A048E /* IADashboardController.swift */,
				3FE1D2AE1CFC58C3007FA513 /* InsuranceTypeContainerView.swift */,
				3FCEB54D1D084D800022EAA1 /* IARoadsideAssistanceController.swift */,
				3FCEB54F1D084DB10022EAA1 /* IAMetWithAccidentController.swift */,
				3FCEB5511D084DCD0022EAA1 /* IAInsuranceIDCardController.swift */,
				3FD8E2201D099394005AE78C /* IAPayPremiumController.swift */,
				3FD8E2221D09A0EB005AE78C /* IAPayPremiumTableCellView.swift */,
			);
			path = Dashboard;
			sourceTree = "<group>";
		};
		3F0CA46A1CF440C9002A048E /* Login */ = {
			isa = PBXGroup;
			children = (
				3F0CA46B1CF440C9002A048E /* IALoginController.swift */,
			);
			path = Login;
			sourceTree = "<group>";
		};
		3F3F0DBB1D003CD700A851FB /* DriverInsurance */ = {
			isa = PBXGroup;
			children = (
				3F3F0DBC1D003CD700A851FB /* IAAddDriverController.swift */,
				3F3F0DBE1D003CD700A851FB /* IADriverListCell.swift */,
				3F3F0DBD1D003CD700A851FB /* IADriverDetailsController.swift */,
				3FAFB5511D006DC00083D38E /* IATrafficViolationTableCellView.swift */,
				7D2D2CA11D096FFE0083D901 /* IAScoreMyDriveController.swift */,
				7D2D2CA31D09702A0083D901 /* IARegisterSafetyDeviceController.swift */,
			);
			path = DriverInsurance;
			sourceTree = "<group>";
		};
		3F3F0DC21D003CDC00A851FB /* VehicleInsurance */ = {
			isa = PBXGroup;
			children = (
				3F3F0DC31D003CDC00A851FB /* IAAddVehicleController.swift */,
				3F3F0DC41D003CDC00A851FB /* IAVehicleDetailsController.swift */,
				3F3F0DC51D003CDC00A851FB /* IAVehicleListCell.swift */,
			);
			path = VehicleInsurance;
			sourceTree = "<group>";
		};
		3F52D1701CFD974F0084A968 /* Assets */ = {
			isa = PBXGroup;
			children = (
				3F52D1711CFD974F0084A968 /* Fonts */,
			);
			path = Assets;
			sourceTree = "<group>";
		};
		3F52D1711CFD974F0084A968 /* Fonts */ = {
			isa = PBXGroup;
			children = (
				3F52D1721CFD974F0084A968 /* Ubuntu */,
			);
			path = Fonts;
			sourceTree = "<group>";
		};
		3F52D1721CFD974F0084A968 /* Ubuntu */ = {
			isa = PBXGroup;
			children = (
				3FF030AD1CFD991A00BADE31 /* Ubuntu-300-italic.ttf */,
				3FF030AE1CFD991A00BADE31 /* Ubuntu-300.ttf */,
				3FF030AF1CFD991A00BADE31 /* Ubuntu-500-italic.ttf */,
				3FF030B01CFD991A00BADE31 /* Ubuntu-500.ttf */,
				3FF030B11CFD991A00BADE31 /* Ubuntu-700.ttf */,
				3FF030B21CFD991A00BADE31 /* Ubuntu-italic.ttf */,
				3FF030B31CFD991A00BADE31 /* Ubuntu-regular.ttf */,
			);
			path = Ubuntu;
			sourceTree = "<group>";
		};
		3F63F1001CFEF55000623420 /* Account */ = {
			isa = PBXGroup;
			children = (
				3F63F1011CFEF55000623420 /* IAAccountController.swift */,
			);
			path = Account;
			sourceTree = "<group>";
		};
		3F63F1021CFEF55000623420 /* Claims */ = {
			isa = PBXGroup;
			children = (
				3F63F1031CFEF55000623420 /* IAClaimsController.swift */,
				3FB6BED11D081D36005D6811 /* IAClaimListTableCellView.swift */,
				3F4999C01D0806EC007D8A73 /* IAClaimDetailsController.swift */,
			);
			path = Claims;
			sourceTree = "<group>";
		};
		3F63F1041CFEF55000623420 /* Notifications */ = {
			isa = PBXGroup;
			children = (
				3F63F1051CFEF55000623420 /* IANotificationsController.swift */,
			);
			path = Notifications;
			sourceTree = "<group>";
		};
		3F63F1061CFEF55000623420 /* Policies */ = {
			isa = PBXGroup;
			children = (
				3F63F1071CFEF55000623420 /* IAPoliciesController.swift */,
				3FE654FA1D06EA61001CAF46 /* IAPolicyListTableCellView.swift */,
				3F4EED591D07053D0085E3C4 /* IAPolicyDetailsController.swift */,
				3F4EED5B1D07096B0085E3C4 /* PolicyGeneral.pdf */,
			);
			path = Policies;
			sourceTree = "<group>";
		};
		3F63F10E1CFEF5B500623420 /* FileClaim */ = {
			isa = PBXGroup;
			children = (
				3F63F10F1CFEF5B500623420 /* IAFileClaimController.swift */,
			);
			path = FileClaim;
			sourceTree = "<group>";
		};
		3F64D2161CF7089F00DC682D /* AutoInsurance */ = {
			isa = PBXGroup;
			children = (
				3F2A0D991CF8762300EEACC2 /* IAAutoInsuranceDetailsController.swift */,
				3F3F0DC21D003CDC00A851FB /* VehicleInsurance */,
				3F3F0DBB1D003CD700A851FB /* DriverInsurance */,
			);
			path = AutoInsurance;
			sourceTree = "<group>";
		};
		3F820C5F1CF4522000729AE6 /* Assistants */ = {
			isa = PBXGroup;
			children = (
				3FFF0B871CF4A22D00920ECA /* AppDatabase.sqlite */,
				3F820C601CF4522000729AE6 /* IAConstants.swift */,
				3FFF0B861CF4A0BF00920ECA /* BridgingHeader.h */,
				3F820C621CF4526D00729AE6 /* IADataManager.swift */,
			);
			path = Assistants;
			sourceTree = "<group>";
		};
		3F820C661CF4555800729AE6 /* Reusables */ = {
			isa = PBXGroup;
			children = (
				3FE1FA8B1CFC81E6008EA53F /* Utils */,
				3F820C671CF4555800729AE6 /* Models */,
			);
			path = Reusables;
			sourceTree = "<group>";
		};
		3F820C671CF4555800729AE6 /* Models */ = {
			isa = PBXGroup;
			children = (
				3F820C681CF4555800729AE6 /* IACustomer.swift */,
				3F4D20C31CF71CE30024EAE7 /* IAVehicle.swift */,
				7D47A1341CF710E9007E1867 /* IADriver.swift */,
				3F9948971CFC6B1100A880A8 /* IADashboard.swift */,
				3FAFB54F1D006BA70083D38E /* IATrafficViolation.swift */,
				3FE654FC1D06F02A001CAF46 /* IAPolicy.swift */,
				3FC515671D07F55E00C4529F /* IAClaim.swift */,
				3FD8E2241D09A1E7005AE78C /* IAPremium.swift */,
			);
			path = Models;
			sourceTree = "<group>";
		};
		3F99489B1CFC77B200A880A8 /* ThirdParty */ = {
			isa = PBXGroup;
			children = (
				3F99489E1CFC782100A880A8 /* LTMorphingLabel */,
			);
			path = ThirdParty;
			sourceTree = "<group>";
		};
		3F99489E1CFC782100A880A8 /* LTMorphingLabel */ = {
			isa = PBXGroup;
			children = (
				3F9948A01CFC782100A880A8 /* LTCharacterLimbo.swift */,
				3F9948A11CFC782100A880A8 /* LTEasing.swift */,
				3F9948A21CFC782100A880A8 /* LTEmitterView.swift */,
				3F9948A31CFC782100A880A8 /* LTMorphingEffect.swift */,
				3F9948A41CFC782100A880A8 /* LTMorphingLabel+Anvil.swift */,
				3F9948A51CFC782100A880A8 /* LTMorphingLabel+Burn.swift */,
				3F9948A61CFC782100A880A8 /* LTMorphingLabel+Evaporate.swift */,
				3F9948A71CFC782100A880A8 /* LTMorphingLabel+Fall.swift */,
				3F9948A81CFC782100A880A8 /* LTMorphingLabel+Pixelate.swift */,
				3F9948A91CFC782100A880A8 /* LTMorphingLabel+Sparkle.swift */,
				3F9948AA1CFC782100A880A8 /* LTMorphingLabel.h */,
				3F9948AB1CFC782100A880A8 /* LTMorphingLabel.swift */,
				3F9948AC1CFC782100A880A8 /* NSString+LTMorphingLabel.swift */,
				3F9948AD1CFC782100A880A8 /* Particles */,
			);
			path = LTMorphingLabel;
			sourceTree = "<group>";
		};
		3F9948AD1CFC782100A880A8 /* Particles */ = {
			isa = PBXGroup;
			children = (
				3F9948AE1CFC782100A880A8 /* Fire.png */,
				3F9948AF1CFC782100A880A8 /* Fragment.png */,
				3F9948B01CFC782100A880A8 /* Smoke.png */,
				3F9948B11CFC782100A880A8 /* Sparkle.png */,
			);
			path = Particles;
			sourceTree = "<group>";
		};
		3FE1FA8B1CFC81E6008EA53F /* Utils */ = {
			isa = PBXGroup;
			children = (
				3FE1FA8C1CFC81E6008EA53F /* IALabel.swift */,
				3F4D24281D016CA10033E924 /* IATextField.swift */,
				3F3386691D018C3600BF7915 /* IADropdownListController.swift */,
				3FF2D9D51D09B6E5001535E9 /* IAUtils.swift */,
			);
			path = Utils;
			sourceTree = "<group>";
		};
/* End PBXGroup section */

/* Begin PBXNativeTarget section */
		3F0CA42D1CF4402F002A048E /* InsuranceApp */ = {
			isa = PBXNativeTarget;
			buildConfigurationList = 3F0CA4561CF44030002A048E /* Build configuration list for PBXNativeTarget "InsuranceApp" */;
			buildPhases = (
				3F0CA42A1CF4402F002A048E /* Sources */,
				3F0CA42B1CF4402F002A048E /* Frameworks */,
				3F0CA42C1CF4402F002A048E /* Resources */,
			);
			buildRules = (
			);
			dependencies = (
			);
			name = InsuranceApp;
			productName = InsuranceApp;
			productReference = 3F0CA42E1CF4402F002A048E /* InsuranceApp.app */;
			productType = "com.apple.product-type.application";
		};
		3F0CA4411CF44030002A048E /* InsuranceAppTests */ = {
			isa = PBXNativeTarget;
			buildConfigurationList = 3F0CA4591CF44030002A048E /* Build configuration list for PBXNativeTarget "InsuranceAppTests" */;
			buildPhases = (
				3F0CA43E1CF44030002A048E /* Sources */,
				3F0CA43F1CF44030002A048E /* Frameworks */,
				3F0CA4401CF44030002A048E /* Resources */,
			);
			buildRules = (
			);
			dependencies = (
				3F0CA4441CF44030002A048E /* PBXTargetDependency */,
			);
			name = InsuranceAppTests;
			productName = InsuranceAppTests;
			productReference = 3F0CA4421CF44030002A048E /* InsuranceAppTests.xctest */;
			productType = "com.apple.product-type.bundle.unit-test";
		};
		3F0CA44C1CF44030002A048E /* InsuranceAppUITests */ = {
			isa = PBXNativeTarget;
			buildConfigurationList = 3F0CA45C1CF44030002A048E /* Build configuration list for PBXNativeTarget "InsuranceAppUITests" */;
			buildPhases = (
				3F0CA4491CF44030002A048E /* Sources */,
				3F0CA44A1CF44030002A048E /* Frameworks */,
				3F0CA44B1CF44030002A048E /* Resources */,
			);
			buildRules = (
			);
			dependencies = (
				3F0CA44F1CF44030002A048E /* PBXTargetDependency */,
			);
			name = InsuranceAppUITests;
			productName = InsuranceAppUITests;
			productReference = 3F0CA44D1CF44030002A048E /* InsuranceAppUITests.xctest */;
			productType = "com.apple.product-type.bundle.ui-testing";
		};
/* End PBXNativeTarget section */

/* Begin PBXProject section */
		3F0CA4261CF4402F002A048E /* Project object */ = {
			isa = PBXProject;
			attributes = {
				LastSwiftUpdateCheck = 0730;
				LastUpgradeCheck = 0730;
				ORGANIZATIONNAME = com;
				TargetAttributes = {
					3F0CA42D1CF4402F002A048E = {
						CreatedOnToolsVersion = 7.3;
					};
					3F0CA4411CF44030002A048E = {
						CreatedOnToolsVersion = 7.3;
						TestTargetID = 3F0CA42D1CF4402F002A048E;
					};
					3F0CA44C1CF44030002A048E = {
						CreatedOnToolsVersion = 7.3;
						TestTargetID = 3F0CA42D1CF4402F002A048E;
					};
				};
			};
			buildConfigurationList = 3F0CA4291CF4402F002A048E /* Build configuration list for PBXProject "InsuranceApp" */;
			compatibilityVersion = "Xcode 3.2";
			developmentRegion = English;
			hasScannedForEncodings = 0;
			knownRegions = (
				en,
				Base,
			);
			mainGroup = 3F0CA4251CF4402F002A048E;
			productRefGroup = 3F0CA42F1CF4402F002A048E /* Products */;
			projectDirPath = "";
			projectRoot = "";
			targets = (
				3F0CA42D1CF4402F002A048E /* InsuranceApp */,
				3F0CA4411CF44030002A048E /* InsuranceAppTests */,
				3F0CA44C1CF44030002A048E /* InsuranceAppUITests */,
			);
		};
/* End PBXProject section */

/* Begin PBXResourcesBuildPhase section */
		3F0CA42C1CF4402F002A048E /* Resources */ = {
			isa = PBXResourcesBuildPhase;
			buildActionMask = 2147483647;
			files = (
				3FF030B81CFD991A00BADE31 /* Ubuntu-700.ttf in Resources */,
				3FF030B91CFD991A00BADE31 /* Ubuntu-italic.ttf in Resources */,
				3FF030BA1CFD991A00BADE31 /* Ubuntu-regular.ttf in Resources */,
				3F9948C21CFC782100A880A8 /* Sparkle.png in Resources */,
				3F9948C01CFC782100A880A8 /* Fragment.png in Resources */,
				3FF030B41CFD991A00BADE31 /* Ubuntu-300-italic.ttf in Resources */,
				3FF030B71CFD991A00BADE31 /* Ubuntu-500.ttf in Resources */,
				3F4EED5C1D07096B0085E3C4 /* PolicyGeneral.pdf in Resources */,
				3FFF0B881CF4A22D00920ECA /* AppDatabase.sqlite in Resources */,
				3F0CA43C1CF44030002A048E /* LaunchScreen.storyboard in Resources */,
				3FF030B51CFD991A00BADE31 /* Ubuntu-300.ttf in Resources */,
				3F9948C11CFC782100A880A8 /* Smoke.png in Resources */,
				3FF030B61CFD991A00BADE31 /* Ubuntu-500-italic.ttf in Resources */,
				3F0CA4391CF44030002A048E /* Assets.xcassets in Resources */,
				3FEF461B1D09423E00A33FE6 /* InsuranceIDCard.pdf in Resources */,
				3F9948BF1CFC782100A880A8 /* Fire.png in Resources */,
				3F0CA4371CF44030002A048E /* Main.storyboard in Resources */,
			);
			runOnlyForDeploymentPostprocessing = 0;
		};
		3F0CA4401CF44030002A048E /* Resources */ = {
			isa = PBXResourcesBuildPhase;
			buildActionMask = 2147483647;
			files = (
			);
			runOnlyForDeploymentPostprocessing = 0;
		};
		3F0CA44B1CF44030002A048E /* Resources */ = {
			isa = PBXResourcesBuildPhase;
			buildActionMask = 2147483647;
			files = (
			);
			runOnlyForDeploymentPostprocessing = 0;
		};
/* End PBXResourcesBuildPhase section */

/* Begin PBXSourcesBuildPhase section */
		3F0CA42A1CF4402F002A048E /* Sources */ = {
			isa = PBXSourcesBuildPhase;
			buildActionMask = 2147483647;
			files = (
				3F3F0DC11D003CD700A851FB /* IADriverListCell.swift in Sources */,
				3F4999C11D0806EC007D8A73 /* IAClaimDetailsController.swift in Sources */,
				3FAFB5521D006DC00083D38E /* IATrafficViolationTableCellView.swift in Sources */,
				3F4EED5A1D07053D0085E3C4 /* IAPolicyDetailsController.swift in Sources */,
				3FE1D2AF1CFC58C3007FA513 /* InsuranceTypeContainerView.swift in Sources */,
				3F3F0DC71D003CDC00A851FB /* IAVehicleDetailsController.swift in Sources */,
				3F9948BD1CFC782100A880A8 /* LTMorphingLabel.swift in Sources */,
				3F3F0DC81D003CDC00A851FB /* IAVehicleListCell.swift in Sources */,
				3F0CA46D1CF440C9002A048E /* IABaseController.swift in Sources */,
				3F3F0DBF1D003CD700A851FB /* IAAddDriverController.swift in Sources */,
				3FE654FB1D06EA61001CAF46 /* IAPolicyListTableCellView.swift in Sources */,
				3F9948BC1CFC782100A880A8 /* LTMorphingLabel+Sparkle.swift in Sources */,
				3F4D20C41CF71CE30024EAE7 /* IAVehicle.swift in Sources */,
				3F63F1101CFEF5B500623420 /* IAFileClaimController.swift in Sources */,
				7D2D2CA41D09702A0083D901 /* IARegisterSafetyDeviceController.swift in Sources */,
				3FE1FA8D1CFC81E6008EA53F /* IALabel.swift in Sources */,
				3F820C631CF4526D00729AE6 /* IADataManager.swift in Sources */,
				3F9948B91CFC782100A880A8 /* LTMorphingLabel+Evaporate.swift in Sources */,
				3F0CA46F1CF440C9002A048E /* IALoginController.swift in Sources */,
				3F0CA46E1CF440C9002A048E /* IADashboardController.swift in Sources */,
				3F63F10B1CFEF55000623420 /* IAPoliciesController.swift in Sources */,
				3F3F0DC61D003CDC00A851FB /* IAAddVehicleController.swift in Sources */,
				3F9948B41CFC782100A880A8 /* LTEasing.swift in Sources */,
				3F9948B31CFC782100A880A8 /* LTCharacterLimbo.swift in Sources */,
				3FD8E2231D09A0EB005AE78C /* IAPayPremiumTableCellView.swift in Sources */,
				3F33866A1D018C3600BF7915 /* IADropdownListController.swift in Sources */,
				3F9948B61CFC782100A880A8 /* LTMorphingEffect.swift in Sources */,
				3FD8E2251D09A1E7005AE78C /* IAPremium.swift in Sources */,
				3F4D24291D016CA10033E924 /* IATextField.swift in Sources */,
				3F63F1081CFEF55000623420 /* IAAccountController.swift in Sources */,
				3FC515681D07F55E00C4529F /* IAClaim.swift in Sources */,
				3F0CA46C1CF440C9002A048E /* IAAppDelegate.swift in Sources */,
				3FAFB5501D006BA70083D38E /* IATrafficViolation.swift in Sources */,
				3FE654FD1D06F02A001CAF46 /* IAPolicy.swift in Sources */,
				3F3F0DC01D003CD700A851FB /* IADriverDetailsController.swift in Sources */,
				3F9948B81CFC782100A880A8 /* LTMorphingLabel+Burn.swift in Sources */,
				3F9948B51CFC782100A880A8 /* LTEmitterView.swift in Sources */,
				3F820C611CF4522000729AE6 /* IAConstants.swift in Sources */,
				3F820C691CF4555800729AE6 /* IACustomer.swift in Sources */,
				3F9948BA1CFC782100A880A8 /* LTMorphingLabel+Fall.swift in Sources */,
				3FD8E2211D099394005AE78C /* IAPayPremiumController.swift in Sources */,
				3F63F1091CFEF55000623420 /* IAClaimsController.swift in Sources */,
				3FCEB5521D084DCD0022EAA1 /* IAInsuranceIDCardController.swift in Sources */,
				7D2D2CA21D096FFE0083D901 /* IAScoreMyDriveController.swift in Sources */,
				3F9948B71CFC782100A880A8 /* LTMorphingLabel+Anvil.swift in Sources */,
				3F2A0D9A1CF8762300EEACC2 /* IAAutoInsuranceDetailsController.swift in Sources */,
				3FB6BED21D081D36005D6811 /* IAClaimListTableCellView.swift in Sources */,
				3FCEB54E1D084D800022EAA1 /* IARoadsideAssistanceController.swift in Sources */,
				3FE1FA8F1CFC8750008EA53F /* IANavigationBar.swift in Sources */,
				3F9948BE1CFC782100A880A8 /* NSString+LTMorphingLabel.swift in Sources */,
				3F63F10A1CFEF55000623420 /* IANotificationsController.swift in Sources */,
				3FCEB5501D084DB10022EAA1 /* IAMetWithAccidentController.swift in Sources */,
				3FF2D9D61D09B6E5001535E9 /* IAUtils.swift in Sources */,
				3F5FB78A1CFDDF2F00C27D7F /* IAHomeController.swift in Sources */,
				3F9948981CFC6B1100A880A8 /* IADashboard.swift in Sources */,
				3F9948BB1CFC782100A880A8 /* LTMorphingLabel+Pixelate.swift in Sources */,
				7D47A1351CF710E9007E1867 /* IADriver.swift in Sources */,
			);
			runOnlyForDeploymentPostprocessing = 0;
		};
		3F0CA43E1CF44030002A048E /* Sources */ = {
			isa = PBXSourcesBuildPhase;
			buildActionMask = 2147483647;
			files = (
				3F0CA4471CF44030002A048E /* InsuranceAppTests.swift in Sources */,
			);
			runOnlyForDeploymentPostprocessing = 0;
		};
		3F0CA4491CF44030002A048E /* Sources */ = {
			isa = PBXSourcesBuildPhase;
			buildActionMask = 2147483647;
			files = (
				3F0CA4521CF44030002A048E /* InsuranceAppUITests.swift in Sources */,
			);
			runOnlyForDeploymentPostprocessing = 0;
		};
/* End PBXSourcesBuildPhase section */

/* Begin PBXTargetDependency section */
		3F0CA4441CF44030002A048E /* PBXTargetDependency */ = {
			isa = PBXTargetDependency;
			target = 3F0CA42D1CF4402F002A048E /* InsuranceApp */;
			targetProxy = 3F0CA4431CF44030002A048E /* PBXContainerItemProxy */;
		};
		3F0CA44F1CF44030002A048E /* PBXTargetDependency */ = {
			isa = PBXTargetDependency;
			target = 3F0CA42D1CF4402F002A048E /* InsuranceApp */;
			targetProxy = 3F0CA44E1CF44030002A048E /* PBXContainerItemProxy */;
		};
/* End PBXTargetDependency section */

/* Begin PBXVariantGroup section */
		3F0CA4351CF44030002A048E /* Main.storyboard */ = {
			isa = PBXVariantGroup;
			children = (
				3F0CA4361CF44030002A048E /* Base */,
			);
			name = Main.storyboard;
			sourceTree = "<group>";
		};
		3F0CA43A1CF44030002A048E /* LaunchScreen.storyboard */ = {
			isa = PBXVariantGroup;
			children = (
				3F0CA43B1CF44030002A048E /* Base */,
			);
			name = LaunchScreen.storyboard;
			sourceTree = "<group>";
		};
/* End PBXVariantGroup section */

/* Begin XCBuildConfiguration section */
		3F0CA4541CF44030002A048E /* Debug */ = {
			isa = XCBuildConfiguration;
			buildSettings = {
				ALWAYS_SEARCH_USER_PATHS = NO;
				CLANG_ANALYZER_NONNULL = YES;
				CLANG_CXX_LANGUAGE_STANDARD = "gnu++0x";
				CLANG_CXX_LIBRARY = "libc++";
				CLANG_ENABLE_MODULES = YES;
				CLANG_ENABLE_OBJC_ARC = YES;
				CLANG_WARN_BOOL_CONVERSION = YES;
				CLANG_WARN_CONSTANT_CONVERSION = YES;
				CLANG_WARN_DIRECT_OBJC_ISA_USAGE = YES_ERROR;
				CLANG_WARN_EMPTY_BODY = YES;
				CLANG_WARN_ENUM_CONVERSION = YES;
				CLANG_WARN_INT_CONVERSION = YES;
				CLANG_WARN_OBJC_ROOT_CLASS = YES_ERROR;
				CLANG_WARN_UNREACHABLE_CODE = YES;
				CLANG_WARN__DUPLICATE_METHOD_MATCH = YES;
				"CODE_SIGN_IDENTITY[sdk=iphoneos*]" = "iPhone Developer";
				COPY_PHASE_STRIP = NO;
				DEBUG_INFORMATION_FORMAT = dwarf;
				ENABLE_STRICT_OBJC_MSGSEND = YES;
				ENABLE_TESTABILITY = YES;
				GCC_C_LANGUAGE_STANDARD = gnu99;
				GCC_DYNAMIC_NO_PIC = NO;
				GCC_NO_COMMON_BLOCKS = YES;
				GCC_OPTIMIZATION_LEVEL = 0;
				GCC_PREPROCESSOR_DEFINITIONS = (
					"DEBUG=1",
					"$(inherited)",
				);
				GCC_WARN_64_TO_32_BIT_CONVERSION = YES;
				GCC_WARN_ABOUT_RETURN_TYPE = YES_ERROR;
				GCC_WARN_UNDECLARED_SELECTOR = YES;
				GCC_WARN_UNINITIALIZED_AUTOS = YES_AGGRESSIVE;
				GCC_WARN_UNUSED_FUNCTION = YES;
				GCC_WARN_UNUSED_VARIABLE = YES;
				IPHONEOS_DEPLOYMENT_TARGET = 9.3;
				MTL_ENABLE_DEBUG_INFO = YES;
				ONLY_ACTIVE_ARCH = YES;
				SDKROOT = iphoneos;
				SWIFT_OPTIMIZATION_LEVEL = "-Onone";
				TARGETED_DEVICE_FAMILY = 2;
			};
			name = Debug;
		};
		3F0CA4551CF44030002A048E /* Release */ = {
			isa = XCBuildConfiguration;
			buildSettings = {
				ALWAYS_SEARCH_USER_PATHS = NO;
				CLANG_ANALYZER_NONNULL = YES;
				CLANG_CXX_LANGUAGE_STANDARD = "gnu++0x";
				CLANG_CXX_LIBRARY = "libc++";
				CLANG_ENABLE_MODULES = YES;
				CLANG_ENABLE_OBJC_ARC = YES;
				CLANG_WARN_BOOL_CONVERSION = YES;
				CLANG_WARN_CONSTANT_CONVERSION = YES;
				CLANG_WARN_DIRECT_OBJC_ISA_USAGE = YES_ERROR;
				CLANG_WARN_EMPTY_BODY = YES;
				CLANG_WARN_ENUM_CONVERSION = YES;
				CLANG_WARN_INT_CONVERSION = YES;
				CLANG_WARN_OBJC_ROOT_CLASS = YES_ERROR;
				CLANG_WARN_UNREACHABLE_CODE = YES;
				CLANG_WARN__DUPLICATE_METHOD_MATCH = YES;
				"CODE_SIGN_IDENTITY[sdk=iphoneos*]" = "iPhone Developer";
				COPY_PHASE_STRIP = NO;
				DEBUG_INFORMATION_FORMAT = "dwarf-with-dsym";
				ENABLE_NS_ASSERTIONS = NO;
				ENABLE_STRICT_OBJC_MSGSEND = YES;
				GCC_C_LANGUAGE_STANDARD = gnu99;
				GCC_NO_COMMON_BLOCKS = YES;
				GCC_WARN_64_TO_32_BIT_CONVERSION = YES;
				GCC_WARN_ABOUT_RETURN_TYPE = YES_ERROR;
				GCC_WARN_UNDECLARED_SELECTOR = YES;
				GCC_WARN_UNINITIALIZED_AUTOS = YES_AGGRESSIVE;
				GCC_WARN_UNUSED_FUNCTION = YES;
				GCC_WARN_UNUSED_VARIABLE = YES;
				IPHONEOS_DEPLOYMENT_TARGET = 9.3;
				MTL_ENABLE_DEBUG_INFO = NO;
				SDKROOT = iphoneos;
				TARGETED_DEVICE_FAMILY = 2;
				VALIDATE_PRODUCT = YES;
			};
			name = Release;
		};
		3F0CA4571CF44030002A048E /* Debug */ = {
			isa = XCBuildConfiguration;
			buildSettings = {
				ASSETCATALOG_COMPILER_APPICON_NAME = AppIcon;
				INFOPLIST_FILE = InsuranceApp/Info.plist;
				IPHONEOS_DEPLOYMENT_TARGET = 8.4;
				LD_RUNPATH_SEARCH_PATHS = "$(inherited) @executable_path/Frameworks";
				PRODUCT_BUNDLE_IDENTIFIER = com.Synechron.MyInsurance;
				PRODUCT_NAME = "$(TARGET_NAME)";
				SWIFT_OBJC_BRIDGING_HEADER = InsuranceApp/Assistants/BridgingHeader.h;
			};
			name = Debug;
		};
		3F0CA4581CF44030002A048E /* Release */ = {
			isa = XCBuildConfiguration;
			buildSettings = {
				ASSETCATALOG_COMPILER_APPICON_NAME = AppIcon;
				INFOPLIST_FILE = InsuranceApp/Info.plist;
				IPHONEOS_DEPLOYMENT_TARGET = 8.4;
				LD_RUNPATH_SEARCH_PATHS = "$(inherited) @executable_path/Frameworks";
				PRODUCT_BUNDLE_IDENTIFIER = com.Synechron.MyInsurance;
				PRODUCT_NAME = "$(TARGET_NAME)";
				SWIFT_OBJC_BRIDGING_HEADER = InsuranceApp/Assistants/BridgingHeader.h;
			};
			name = Release;
		};
		3F0CA45A1CF44030002A048E /* Debug */ = {
			isa = XCBuildConfiguration;
			buildSettings = {
				BUNDLE_LOADER = "$(TEST_HOST)";
				INFOPLIST_FILE = InsuranceAppTests/Info.plist;
				LD_RUNPATH_SEARCH_PATHS = "$(inherited) @executable_path/Frameworks @loader_path/Frameworks";
				PRODUCT_BUNDLE_IDENTIFIER = com.example.poc.InsuranceAppTests;
				PRODUCT_NAME = "$(TARGET_NAME)";
				TEST_HOST = "$(BUILT_PRODUCTS_DIR)/InsuranceApp.app/InsuranceApp";
			};
			name = Debug;
		};
		3F0CA45B1CF44030002A048E /* Release */ = {
			isa = XCBuildConfiguration;
			buildSettings = {
				BUNDLE_LOADER = "$(TEST_HOST)";
				INFOPLIST_FILE = InsuranceAppTests/Info.plist;
				LD_RUNPATH_SEARCH_PATHS = "$(inherited) @executable_path/Frameworks @loader_path/Frameworks";
				PRODUCT_BUNDLE_IDENTIFIER = com.example.poc.InsuranceAppTests;
				PRODUCT_NAME = "$(TARGET_NAME)";
				TEST_HOST = "$(BUILT_PRODUCTS_DIR)/InsuranceApp.app/InsuranceApp";
			};
			name = Release;
		};
		3F0CA45D1CF44030002A048E /* Debug */ = {
			isa = XCBuildConfiguration;
			buildSettings = {
				INFOPLIST_FILE = InsuranceAppUITests/Info.plist;
				LD_RUNPATH_SEARCH_PATHS = "$(inherited) @executable_path/Frameworks @loader_path/Frameworks";
				PRODUCT_BUNDLE_IDENTIFIER = com.example.poc.InsuranceAppUITests;
				PRODUCT_NAME = "$(TARGET_NAME)";
				TEST_TARGET_NAME = InsuranceApp;
			};
			name = Debug;
		};
		3F0CA45E1CF44030002A048E /* Release */ = {
			isa = XCBuildConfiguration;
			buildSettings = {
				INFOPLIST_FILE = InsuranceAppUITests/Info.plist;
				LD_RUNPATH_SEARCH_PATHS = "$(inherited) @executable_path/Frameworks @loader_path/Frameworks";
				PRODUCT_BUNDLE_IDENTIFIER = com.example.poc.InsuranceAppUITests;
				PRODUCT_NAME = "$(TARGET_NAME)";
				TEST_TARGET_NAME = InsuranceApp;
			};
			name = Release;
		};
/* End XCBuildConfiguration section */

/* Begin XCConfigurationList section */
		3F0CA4291CF4402F002A048E /* Build configuration list for PBXProject "InsuranceApp" */ = {
			isa = XCConfigurationList;
			buildConfigurations = (
				3F0CA4541CF44030002A048E /* Debug */,
				3F0CA4551CF44030002A048E /* Release */,
			);
			defaultConfigurationIsVisible = 0;
			defaultConfigurationName = Release;
		};
		3F0CA4561CF44030002A048E /* Build configuration list for PBXNativeTarget "InsuranceApp" */ = {
			isa = XCConfigurationList;
			buildConfigurations = (
				3F0CA4571CF44030002A048E /* Debug */,
				3F0CA4581CF44030002A048E /* Release */,
			);
			defaultConfigurationIsVisible = 0;
			defaultConfigurationName = Release;
		};
		3F0CA4591CF44030002A048E /* Build configuration list for PBXNativeTarget "InsuranceAppTests" */ = {
			isa = XCConfigurationList;
			buildConfigurations = (
				3F0CA45A1CF44030002A048E /* Debug */,
				3F0CA45B1CF44030002A048E /* Release */,
			);
			defaultConfigurationIsVisible = 0;
			defaultConfigurationName = Release;
		};
		3F0CA45C1CF44030002A048E /* Build configuration list for PBXNativeTarget "InsuranceAppUITests" */ = {
			isa = XCConfigurationList;
			buildConfigurations = (
				3F0CA45D1CF44030002A048E /* Debug */,
				3F0CA45E1CF44030002A048E /* Release */,
			);
			defaultConfigurationIsVisible = 0;
			defaultConfigurationName = Release;
		};
/* End XCConfigurationList section */
	};
	rootObject = 3F0CA4261CF4402F002A048E /* Project object */;
}
